
Microsoft Visual Studio Solution File, Format Version 12.00
# Visual Studio Version 17
VisualStudioVersion = 17.10.35013.160
MinimumVisualStudioVersion = 10.0.40219.1
Project("{FAE04EC0-301F-11D3-BF4B-00C04F79EFBC}") = "Forge.TeamChoosing", "Forge.TeamChoosing\Forge.TeamChoosing.csproj", "{E42D28F5-4928-424E-95EA-0DE5C05ABB28}"
EndProject
Global
	GlobalSection(SolutionConfigurationPlatforms) = preSolution
		Debug|Any CPU = Debug|Any CPU
		Release|Any CPU = Release|Any CPU
	EndGlobalSection
	GlobalSection(ProjectConfigurationPlatforms) = postSolution
		{E42D28F5-4928-424E-95EA-0DE5C05ABB28}.Debug|Any CPU.ActiveCfg = Debug|Any CPU
		{E42D28F5-4928-424E-95EA-0DE5C05ABB28}.Debug|Any CPU.Build.0 = Debug|Any CPU
		{E42D28F5-4928-424E-95EA-0DE5C05ABB28}.Release|Any CPU.ActiveCfg = Release|Any CPU
		{E42D28F5-4928-424E-95EA-0DE5C05ABB28}.Release|Any CPU.Build.0 = Release|Any CPU
	EndGlobalSection
	GlobalSection(SolutionProperties) = preSolution
		HideSolutionNode = FALSE
	EndGlobalSection
	GlobalSection(ExtensibilityGlobals) = postSolution
		SolutionGuid = {12BEEF86-FDA4-44F8-A8A7-7BBFBBE9C79B}
	EndGlobalSection
EndGlobal
